PODS:
  - Realm (2.4.3):
    - Realm/Headers (= 2.4.3)
  - Realm/Headers (2.4.3)
  - SDWebImage (3.8.2):
    - SDWebImage/Core (= 3.8.2)
  - SDWebImage/Core (3.8.2)

DEPENDENCIES:
  - Realm
  - SDWebImage (~> 3.8)

SPEC CHECKSUMS:
  Realm: e08d60b0048ccccd3949c8c28a92c4db5712d7e9
  SDWebImage: 098e97e6176540799c27e804c96653ee0833d13c

PODFILE CHECKSUM: bb932971156e30f084a1541833e576f1bb16e5c9

COCOAPODS: 1.2.0.beta.1
